
Microsoft Visual Studio Solution File, Format Version 12.00
# Visual Studio Version 16
VisualStudioVersion = 16.0.31129.286
MinimumVisualStudioVersion = 10.0.40219.1
Project("{9A19103F-16F7-4668-BE54-9A1E7A4F7556}") = "FactoryMethod", "Creational\FactoryMethod\FactoryMethod.csproj", "{6D91683A-F677-4973-B470-A8F18A3F7983}"
EndProject
Project("{2150E333-8FDC-42A3-9474-1A3956D46DE8}") = "Creational", "Creational", "{7B3E9D74-9D05-43EF-A329-68799618F1D1}"
EndProject
Project("{2150E333-8FDC-42A3-9474-1A3956D46DE8}") = "Structural", "Structural", "{81192432-CA30-4DF1-B049-012E5B46837C}"
EndProject
Project("{2150E333-8FDC-42A3-9474-1A3956D46DE8}") = "Behavioral", "Behavioral", "{E74AEABA-B9D9-4E2A-BFE0-902780E47019}"
EndProject
Project("{9A19103F-16F7-4668-BE54-9A1E7A4F7556}") = "AbstractFactory", "Creational\AbstractFactory\AbstractFactory.csproj", "{BB84618D-0AB1-45EF-95D6-8D5EA1858E14}"
EndProject
Project("{9A19103F-16F7-4668-BE54-9A1E7A4F7556}") = "Builder", "Creational\Builder\Builder.csproj", "{6F6B9A44-24E1-4814-ACF1-92BBEB957DBA}"
EndProject
Project("{9A19103F-16F7-4668-BE54-9A1E7A4F7556}") = "Prototype", "Creational\Prototype\Prototype.csproj", "{F6B3CFDF-2A7D-4120-BA83-6ABD16FF3566}"
EndProject
Project("{9A19103F-16F7-4668-BE54-9A1E7A4F7556}") = "Singleton", "Creational\Singleton\Singleton.csproj", "{22070ECF-FB2C-4039-A19E-AA69542A8856}"
EndProject
Project("{9A19103F-16F7-4668-BE54-9A1E7A4F7556}") = "Adapter", "Structural\Adapter\Adapter.csproj", "{521FE7D5-11AC-4B35-9E55-F356F043E475}"
EndProject
Project("{FAE04EC0-301F-11D3-BF4B-00C04F79EFBC}") = "Bridge", "Structural\Bridge\Bridge.csproj", "{1B5D2410-A7CB-432E-9851-9303C1ED877A}"
EndProject
Project("{FAE04EC0-301F-11D3-BF4B-00C04F79EFBC}") = "Composite", "Structural\Composite\Composite.csproj", "{EBEDDE9D-1A02-43B4-B3EA-B081CE8A8CA1}"
EndProject
Global
	GlobalSection(SolutionConfigurationPlatforms) = preSolution
		Debug|Any CPU = Debug|Any CPU
		Release|Any CPU = Release|Any CPU
	EndGlobalSection
	GlobalSection(ProjectConfigurationPlatforms) = postSolution
		{6D91683A-F677-4973-B470-A8F18A3F7983}.Debug|Any CPU.ActiveCfg = Debug|Any CPU
		{6D91683A-F677-4973-B470-A8F18A3F7983}.Debug|Any CPU.Build.0 = Debug|Any CPU
		{6D91683A-F677-4973-B470-A8F18A3F7983}.Release|Any CPU.ActiveCfg = Release|Any CPU
		{6D91683A-F677-4973-B470-A8F18A3F7983}.Release|Any CPU.Build.0 = Release|Any CPU
		{BB84618D-0AB1-45EF-95D6-8D5EA1858E14}.Debug|Any CPU.ActiveCfg = Debug|Any CPU
		{BB84618D-0AB1-45EF-95D6-8D5EA1858E14}.Debug|Any CPU.Build.0 = Debug|Any CPU
		{BB84618D-0AB1-45EF-95D6-8D5EA1858E14}.Release|Any CPU.ActiveCfg = Release|Any CPU
		{BB84618D-0AB1-45EF-95D6-8D5EA1858E14}.Release|Any CPU.Build.0 = Release|Any CPU
		{6F6B9A44-24E1-4814-ACF1-92BBEB957DBA}.Debug|Any CPU.ActiveCfg = Debug|Any CPU
		{6F6B9A44-24E1-4814-ACF1-92BBEB957DBA}.Debug|Any CPU.Build.0 = Debug|Any CPU
		{6F6B9A44-24E1-4814-ACF1-92BBEB957DBA}.Release|Any CPU.ActiveCfg = Release|Any CPU
		{6F6B9A44-24E1-4814-ACF1-92BBEB957DBA}.Release|Any CPU.Build.0 = Release|Any CPU
		{F6B3CFDF-2A7D-4120-BA83-6ABD16FF3566}.Debug|Any CPU.ActiveCfg = Debug|Any CPU
		{F6B3CFDF-2A7D-4120-BA83-6ABD16FF3566}.Debug|Any CPU.Build.0 = Debug|Any CPU
		{F6B3CFDF-2A7D-4120-BA83-6ABD16FF3566}.Release|Any CPU.ActiveCfg = Release|Any CPU
		{F6B3CFDF-2A7D-4120-BA83-6ABD16FF3566}.Release|Any CPU.Build.0 = Release|Any CPU
		{22070ECF-FB2C-4039-A19E-AA69542A8856}.Debug|Any CPU.ActiveCfg = Debug|Any CPU
		{22070ECF-FB2C-4039-A19E-AA69542A8856}.Debug|Any CPU.Build.0 = Debug|Any CPU
		{22070ECF-FB2C-4039-A19E-AA69542A8856}.Release|Any CPU.ActiveCfg = Release|Any CPU
		{22070ECF-FB2C-4039-A19E-AA69542A8856}.Release|Any CPU.Build.0 = Release|Any CPU
		{521FE7D5-11AC-4B35-9E55-F356F043E475}.Debug|Any CPU.ActiveCfg = Debug|Any CPU
		{521FE7D5-11AC-4B35-9E55-F356F043E475}.Debug|Any CPU.Build.0 = Debug|Any CPU
		{521FE7D5-11AC-4B35-9E55-F356F043E475}.Release|Any CPU.ActiveCfg = Release|Any CPU
		{521FE7D5-11AC-4B35-9E55-F356F043E475}.Release|Any CPU.Build.0 = Release|Any CPU
		{1B5D2410-A7CB-432E-9851-9303C1ED877A}.Debug|Any CPU.ActiveCfg = Debug|Any CPU
		{1B5D2410-A7CB-432E-9851-9303C1ED877A}.Debug|Any CPU.Build.0 = Debug|Any CPU
		{1B5D2410-A7CB-432E-9851-9303C1ED877A}.Release|Any CPU.ActiveCfg = Release|Any CPU
		{1B5D2410-A7CB-432E-9851-9303C1ED877A}.Release|Any CPU.Build.0 = Release|Any CPU
		{EBEDDE9D-1A02-43B4-B3EA-B081CE8A8CA1}.Debug|Any CPU.ActiveCfg = Debug|Any CPU
		{EBEDDE9D-1A02-43B4-B3EA-B081CE8A8CA1}.Debug|Any CPU.Build.0 = Debug|Any CPU
		{EBEDDE9D-1A02-43B4-B3EA-B081CE8A8CA1}.Release|Any CPU.ActiveCfg = Release|Any CPU
		{EBEDDE9D-1A02-43B4-B3EA-B081CE8A8CA1}.Release|Any CPU.Build.0 = Release|Any CPU
	EndGlobalSection
	GlobalSection(SolutionProperties) = preSolution
		HideSolutionNode = FALSE
	EndGlobalSection
	GlobalSection(NestedProjects) = preSolution
		{6D91683A-F677-4973-B470-A8F18A3F7983} = {7B3E9D74-9D05-43EF-A329-68799618F1D1}
		{BB84618D-0AB1-45EF-95D6-8D5EA1858E14} = {7B3E9D74-9D05-43EF-A329-68799618F1D1}
		{6F6B9A44-24E1-4814-ACF1-92BBEB957DBA} = {7B3E9D74-9D05-43EF-A329-68799618F1D1}
		{F6B3CFDF-2A7D-4120-BA83-6ABD16FF3566} = {7B3E9D74-9D05-43EF-A329-68799618F1D1}
		{22070ECF-FB2C-4039-A19E-AA69542A8856} = {7B3E9D74-9D05-43EF-A329-68799618F1D1}
		{521FE7D5-11AC-4B35-9E55-F356F043E475} = {81192432-CA30-4DF1-B049-012E5B46837C}
		{1B5D2410-A7CB-432E-9851-9303C1ED877A} = {81192432-CA30-4DF1-B049-012E5B46837C}
		{EBEDDE9D-1A02-43B4-B3EA-B081CE8A8CA1} = {81192432-CA30-4DF1-B049-012E5B46837C}
	EndGlobalSection
	GlobalSection(ExtensibilityGlobals) = postSolution
		SolutionGuid = {7C7446FA-73EF-4388-BE37-848CEF0C03F6}
	EndGlobalSection
EndGlobal
